Microsoft Visual Studio Solution File, Format Version 12.00
# Visual Studio Version 17
VisualStudioVersion = 17.5.2.0
MinimumVisualStudioVersion = 10.0.40219.1
Project("{FAE04EC0-301F-11D3-BF4B-00C04F79EFBC}") = "FacturasService", "FacturasService.csproj", "{6FF85CE4-6FC8-F652-CCE5-1EFFDA2AC4DA}"
EndProject
Global
	GlobalSection(SolutionConfigurationPlatforms) = preSolution
		Debug|Any CPU = Debug|Any CPU
		Release|Any CPU = Release|Any CPU
	EndGlobalSection
	GlobalSection(ProjectConfigurationPlatforms) = postSolution
		{6FF85CE4-6FC8-F652-CCE5-1EFFDA2AC4DA}.Debug|Any CPU.ActiveCfg = Debug|Any CPU
		{6FF85CE4-6FC8-F652-CCE5-1EFFDA2AC4DA}.Debug|Any CPU.Build.0 = Debug|Any CPU
		{6FF85CE4-6FC8-F652-CCE5-1EFFDA2AC4DA}.Release|Any CPU.ActiveCfg = Release|Any CPU
		{6FF85CE4-6FC8-F652-CCE5-1EFFDA2AC4DA}.Release|Any CPU.Build.0 = Release|Any CPU
	EndGlobalSection
	GlobalSection(SolutionProperties) = preSolution
		HideSolutionNode = FALSE
	EndGlobalSection
	GlobalSection(ExtensibilityGlobals) = postSolution
		SolutionGuid = {D9016DC5-94FC-4A4C-A95A-A8DA12E8636C}
	EndGlobalSection
EndGlobal
