
Microsoft Visual Studio Solution File, Format Version 12.00
# Visual Studio Version 17
VisualStudioVersion = 17.0.31903.59
MinimumVisualStudioVersion = 10.0.40219.1
Project("{FAE04EC0-301F-11D3-BF4B-00C04F79EFBC}") = "API", "API\API.csproj", "{7F2814BD-C3A6-42D0-A42F-A839C6F02C34}"
EndProject
Project("{FAE04EC0-301F-11D3-BF4B-00C04F79EFBC}") = "Application", "Application\Application.csproj", "{107CB825-DDE1-4A11-89BB-6779A3ED40A5}"
EndProject
Project("{FAE04EC0-301F-11D3-BF4B-00C04F79EFBC}") = "Domain", "Domain\Domain.csproj", "{0CD0F2C5-99E0-4CEC-8A73-80274FD731FD}"
EndProject
Project("{FAE04EC0-301F-11D3-BF4B-00C04F79EFBC}") = "Infrastructure", "Infrastructure\Infrastructure.csproj", "{5D308D3A-DE47-473D-821C-84EB6E2CD36A}"
EndProject
Project("{FAE04EC0-301F-11D3-BF4B-00C04F79EFBC}") = "Common", "Common\Common.csproj", "{4AFC3166-A307-4E83-B3A0-74024DE6CED9}"
EndProject
Global
	GlobalSection(SolutionConfigurationPlatforms) = preSolution
		Debug|Any CPU = Debug|Any CPU
		Debug|x64 = Debug|x64
		Debug|x86 = Debug|x86
		Release|Any CPU = Release|Any CPU
		Release|x64 = Release|x64
		Release|x86 = Release|x86
	EndGlobalSection
	GlobalSection(ProjectConfigurationPlatforms) = postSolution
		{7F2814BD-C3A6-42D0-A42F-A839C6F02C34}.Debug|Any CPU.ActiveCfg = Debug|Any CPU
		{7F2814BD-C3A6-42D0-A42F-A839C6F02C34}.Debug|Any CPU.Build.0 = Debug|Any CPU
		{7F2814BD-C3A6-42D0-A42F-A839C6F02C34}.Debug|x64.ActiveCfg = Debug|Any CPU
		{7F2814BD-C3A6-42D0-A42F-A839C6F02C34}.Debug|x64.Build.0 = Debug|Any CPU
		{7F2814BD-C3A6-42D0-A42F-A839C6F02C34}.Debug|x86.ActiveCfg = Debug|Any CPU
		{7F2814BD-C3A6-42D0-A42F-A839C6F02C34}.Debug|x86.Build.0 = Debug|Any CPU
		{7F2814BD-C3A6-42D0-A42F-A839C6F02C34}.Release|Any CPU.ActiveCfg = Release|Any CPU
		{7F2814BD-C3A6-42D0-A42F-A839C6F02C34}.Release|Any CPU.Build.0 = Release|Any CPU
		{7F2814BD-C3A6-42D0-A42F-A839C6F02C34}.Release|x64.ActiveCfg = Release|Any CPU
		{7F2814BD-C3A6-42D0-A42F-A839C6F02C34}.Release|x64.Build.0 = Release|Any CPU
		{7F2814BD-C3A6-42D0-A42F-A839C6F02C34}.Release|x86.ActiveCfg = Release|Any CPU
		{7F2814BD-C3A6-42D0-A42F-A839C6F02C34}.Release|x86.Build.0 = Release|Any CPU
		{107CB825-DDE1-4A11-89BB-6779A3ED40A5}.Debug|Any CPU.ActiveCfg = Debug|Any CPU
		{107CB825-DDE1-4A11-89BB-6779A3ED40A5}.Debug|Any CPU.Build.0 = Debug|Any CPU
		{107CB825-DDE1-4A11-89BB-6779A3ED40A5}.Debug|x64.ActiveCfg = Debug|Any CPU
		{107CB825-DDE1-4A11-89BB-6779A3ED40A5}.Debug|x64.Build.0 = Debug|Any CPU
		{107CB825-DDE1-4A11-89BB-6779A3ED40A5}.Debug|x86.ActiveCfg = Debug|Any CPU
		{107CB825-DDE1-4A11-89BB-6779A3ED40A5}.Debug|x86.Build.0 = Debug|Any CPU
		{107CB825-DDE1-4A11-89BB-6779A3ED40A5}.Release|Any CPU.ActiveCfg = Release|Any CPU
		{107CB825-DDE1-4A11-89BB-6779A3ED40A5}.Release|Any CPU.Build.0 = Release|Any CPU
		{107CB825-DDE1-4A11-89BB-6779A3ED40A5}.Release|x64.ActiveCfg = Release|Any CPU
		{107CB825-DDE1-4A11-89BB-6779A3ED40A5}.Release|x64.Build.0 = Release|Any CPU
		{107CB825-DDE1-4A11-89BB-6779A3ED40A5}.Release|x86.ActiveCfg = Release|Any CPU
		{107CB825-DDE1-4A11-89BB-6779A3ED40A5}.Release|x86.Build.0 = Release|Any CPU
		{0CD0F2C5-99E0-4CEC-8A73-80274FD731FD}.Debug|Any CPU.ActiveCfg = Debug|Any CPU
		{0CD0F2C5-99E0-4CEC-8A73-80274FD731FD}.Debug|Any CPU.Build.0 = Debug|Any CPU
		{0CD0F2C5-99E0-4CEC-8A73-80274FD731FD}.Debug|x64.ActiveCfg = Debug|Any CPU
		{0CD0F2C5-99E0-4CEC-8A73-80274FD731FD}.Debug|x64.Build.0 = Debug|Any CPU
		{0CD0F2C5-99E0-4CEC-8A73-80274FD731FD}.Debug|x86.ActiveCfg = Debug|Any CPU
		{0CD0F2C5-99E0-4CEC-8A73-80274FD731FD}.Debug|x86.Build.0 = Debug|Any CPU
		{0CD0F2C5-99E0-4CEC-8A73-80274FD731FD}.Release|Any CPU.ActiveCfg = Release|Any CPU
		{0CD0F2C5-99E0-4CEC-8A73-80274FD731FD}.Release|Any CPU.Build.0 = Release|Any CPU
		{0CD0F2C5-99E0-4CEC-8A73-80274FD731FD}.Release|x64.ActiveCfg = Release|Any CPU
		{0CD0F2C5-99E0-4CEC-8A73-80274FD731FD}.Release|x64.Build.0 = Release|Any CPU
		{0CD0F2C5-99E0-4CEC-8A73-80274FD731FD}.Release|x86.ActiveCfg = Release|Any CPU
		{0CD0F2C5-99E0-4CEC-8A73-80274FD731FD}.Release|x86.Build.0 = Release|Any CPU
		{5D308D3A-DE47-473D-821C-84EB6E2CD36A}.Debug|Any CPU.ActiveCfg = Debug|Any CPU
		{5D308D3A-DE47-473D-821C-84EB6E2CD36A}.Debug|Any CPU.Build.0 = Debug|Any CPU
		{5D308D3A-DE47-473D-821C-84EB6E2CD36A}.Debug|x64.ActiveCfg = Debug|Any CPU
		{5D308D3A-DE47-473D-821C-84EB6E2CD36A}.Debug|x64.Build.0 = Debug|Any CPU
		{5D308D3A-DE47-473D-821C-84EB6E2CD36A}.Debug|x86.ActiveCfg = Debug|Any CPU
		{5D308D3A-DE47-473D-821C-84EB6E2CD36A}.Debug|x86.Build.0 = Debug|Any CPU
		{5D308D3A-DE47-473D-821C-84EB6E2CD36A}.Release|Any CPU.ActiveCfg = Release|Any CPU
		{5D308D3A-DE47-473D-821C-84EB6E2CD36A}.Release|Any CPU.Build.0 = Release|Any CPU
		{5D308D3A-DE47-473D-821C-84EB6E2CD36A}.Release|x64.ActiveCfg = Release|Any CPU
		{5D308D3A-DE47-473D-821C-84EB6E2CD36A}.Release|x64.Build.0 = Release|Any CPU
		{5D308D3A-DE47-473D-821C-84EB6E2CD36A}.Release|x86.ActiveCfg = Release|Any CPU
		{5D308D3A-DE47-473D-821C-84EB6E2CD36A}.Release|x86.Build.0 = Release|Any CPU
		{4AFC3166-A307-4E83-B3A0-74024DE6CED9}.Debug|Any CPU.ActiveCfg = Debug|Any CPU
		{4AFC3166-A307-4E83-B3A0-74024DE6CED9}.Debug|Any CPU.Build.0 = Debug|Any CPU
		{4AFC3166-A307-4E83-B3A0-74024DE6CED9}.Debug|x64.ActiveCfg = Debug|Any CPU
		{4AFC3166-A307-4E83-B3A0-74024DE6CED9}.Debug|x64.Build.0 = Debug|Any CPU
		{4AFC3166-A307-4E83-B3A0-74024DE6CED9}.Debug|x86.ActiveCfg = Debug|Any CPU
		{4AFC3166-A307-4E83-B3A0-74024DE6CED9}.Debug|x86.Build.0 = Debug|Any CPU
		{4AFC3166-A307-4E83-B3A0-74024DE6CED9}.Release|Any CPU.ActiveCfg = Release|Any CPU
		{4AFC3166-A307-4E83-B3A0-74024DE6CED9}.Release|Any CPU.Build.0 = Release|Any CPU
		{4AFC3166-A307-4E83-B3A0-74024DE6CED9}.Release|x64.ActiveCfg = Release|Any CPU
		{4AFC3166-A307-4E83-B3A0-74024DE6CED9}.Release|x64.Build.0 = Release|Any CPU
		{4AFC3166-A307-4E83-B3A0-74024DE6CED9}.Release|x86.ActiveCfg = Release|Any CPU
		{4AFC3166-A307-4E83-B3A0-74024DE6CED9}.Release|x86.Build.0 = Release|Any CPU
	EndGlobalSection
	GlobalSection(SolutionProperties) = preSolution
		HideSolutionNode = FALSE
	EndGlobalSection
EndGlobal
